
Microsoft Visual Studio Solution File, Format Version 12.00
# Visual Studio Version 17
VisualStudioVersion = 17.12.35527.113
MinimumVisualStudioVersion = 10.0.40219.1
Project("{FAE04EC0-301F-11D3-BF4B-00C04F79EFBC}") = "AprendiendoLINQ", "AprendiendoLINQ\AprendiendoLINQ.csproj", "{8D58A131-3220-4108-9156-910B716ECF1C}"
EndProject
Project("{FAE04EC0-301F-11D3-BF4B-00C04F79EFBC}") = "AprendiendoLINQ.Client", "AprendiendoLINQ.Client\AprendiendoLINQ.Client.csproj", "{F7FE65FB-FC36-4D24-8604-3CA0504CAFE0}"
EndProject
Global
	GlobalSection(SolutionConfigurationPlatforms) = preSolution
		Debug|Any CPU = Debug|Any CPU
		Release|Any CPU = Release|Any CPU
	EndGlobalSection
	GlobalSection(ProjectConfigurationPlatforms) = postSolution
		{8D58A131-3220-4108-9156-910B716ECF1C}.Debug|Any CPU.ActiveCfg = Debug|Any CPU
		{8D58A131-3220-4108-9156-910B716ECF1C}.Debug|Any CPU.Build.0 = Debug|Any CPU
		{8D58A131-3220-4108-9156-910B716ECF1C}.Release|Any CPU.ActiveCfg = Release|Any CPU
		{8D58A131-3220-4108-9156-910B716ECF1C}.Release|Any CPU.Build.0 = Release|Any CPU
		{F7FE65FB-FC36-4D24-8604-3CA0504CAFE0}.Debug|Any CPU.ActiveCfg = Debug|Any CPU
		{F7FE65FB-FC36-4D24-8604-3CA0504CAFE0}.Debug|Any CPU.Build.0 = Debug|Any CPU
		{F7FE65FB-FC36-4D24-8604-3CA0504CAFE0}.Release|Any CPU.ActiveCfg = Release|Any CPU
		{F7FE65FB-FC36-4D24-8604-3CA0504CAFE0}.Release|Any CPU.Build.0 = Release|Any CPU
	EndGlobalSection
	GlobalSection(SolutionProperties) = preSolution
		HideSolutionNode = FALSE
	EndGlobalSection
EndGlobal
